<?xml version="1.0" encoding="utf-8"?>
<Project ToolsVersion="4.0" xmlns="http://schemas.microsoft.com/developer/msbuild/2003">
  <ItemGroup>
    <Filter Include="Source Files">
      <UniqueIdentifier>{4FC737F1-C7A5-4376-A066-2A32D752A2FF}</UniqueIdentifier>
      <Extensions>cpp;c;cc;cxx;def;odl;idl;hpj;bat;asm;asmx</Extensions>
    </Filter>
    <Filter Include="Header Files">
      <UniqueIdentifier>{93995380-89BD-4b04-88EB-625FBE52EBFB}</UniqueIdentifier>
      <Extensions>h;hpp;hxx;hm;inl;inc;xsd</Extensions>
    </Filter>
    <Filter Include="Resource Files">
      <UniqueIdentifier>{67DA6AB6-F800-4c08-8B7A-83BB121AAD01}</UniqueIdentifier>
      <Extensions>rc;ico;cur;bmp;dlg;rc2;rct;bin;rgs;gif;jpg;jpeg;jpe;resx;tiff;tif;png;wav</Extensions>
    </Filter>
  </ItemGroup>
  <ItemGroup>
    <ClCompile Include="8042.cpp">
      <Filter>Source Files</Filter>
    </ClCompile>
    <ClCompile Include="8237.cpp">
      <Filter>Source Files</Filter>
    </ClCompile>
    <ClCompile Include="8253.cpp">
      <Filter>Source Files</Filter>
    </ClCompile>
    <ClCompile Include="8259.cpp">
      <Filter>Source Files</Filter>
    </ClCompile>
    <ClCompile Include="82801-bridge.cpp">
      <Filter>Source Files</Filter>
    </ClCompile>
    <ClCompile Include="82801-ehci.cpp">
      <Filter>Source Files</Filter>
    </ClCompile>
    <ClCompile Include="82801-ide.cpp">
      <Filter>Source Files</Filter>
    </ClCompile>
    <ClCompile Include="82801-lpc.cpp">
      <Filter>Source Files</Filter>
    </ClCompile>
    <ClCompile Include="82801-smbus.cpp">
      <Filter>Source Files</Filter>
    </ClCompile>
    <ClCompile Include="82801-uhci.cpp">
      <Filter>Source Files</Filter>
    </ClCompile>
    <ClCompile Include="82845-bridge.cpp">
      <Filter>Source Files</Filter>
    </ClCompile>
    <ClCompile Include="82845-devs.cpp">
      <Filter>Source Files</Filter>
    </ClCompile>
    <ClCompile Include="82845-host.cpp">
      <Filter>Source Files</Filter>
    </ClCompile>
    <ClCompile Include="a20.cpp">
      <Filter>Source Files</Filter>
    </ClCompile>
    <ClCompile Include="acpi82801.cpp">
      <Filter>Source Files</Filter>
    </ClCompile>
    <ClCompile Include="addressmap.cpp">
      <Filter>Source Files</Filter>
    </ClCompile>
    <ClCompile Include="apic.cpp">
      <Filter>Source Files</Filter>
    </ClCompile>
    <ClCompile Include="apm.cpp">
      <Filter>Source Files</Filter>
    </ClCompile>
    <ClCompile Include="atapi.cpp">
      <Filter>Source Files</Filter>
    </ClCompile>
    <ClCompile Include="clock.cpp">
      <Filter>Source Files</Filter>
    </ClCompile>
    <ClCompile Include="cmos.cpp">
      <Filter>Source Files</Filter>
    </ClCompile>
    <ClCompile Include="cpu-if.cpp">
      <Filter>Source Files</Filter>
    </ClCompile>
    <ClCompile Include="dump-acpi.cpp">
      <Filter>Source Files</Filter>
    </ClCompile>
    <ClCompile Include="dump-apic.cpp">
      <Filter>Source Files</Filter>
    </ClCompile>
    <ClCompile Include="dump-mp.cpp">
      <Filter>Source Files</Filter>
    </ClCompile>
    <ClCompile Include="dump-pci.cpp">
      <Filter>Source Files</Filter>
    </ClCompile>
    <ClCompile Include="ErrMsg.cpp">
      <Filter>Source Files</Filter>
    </ClCompile>
    <ClCompile Include="floppy.cpp">
      <Filter>Source Files</Filter>
    </ClCompile>
    <ClCompile Include="fsb.cpp">
      <Filter>Source Files</Filter>
    </ClCompile>
    <ClCompile Include="history.cpp">
      <Filter>Source Files</Filter>
    </ClCompile>
    <ClCompile Include="ich.cpp">
      <Filter>Source Files</Filter>
    </ClCompile>
    <ClCompile Include="ide-cmd.cpp">
      <Filter>Source Files</Filter>
    </ClCompile>
    <ClCompile Include="ide-io.cpp">
      <Filter>Source Files</Filter>
    </ClCompile>
    <ClCompile Include="irq-wire.cpp">
      <Filter>Source Files</Filter>
    </ClCompile>
    <ClCompile Include="isa-pnp.cpp">
      <Filter>Source Files</Filter>
    </ClCompile>
    <ClCompile Include="linux-debug.cpp">
      <Filter>Source Files</Filter>
    </ClCompile>
    <ClCompile Include="log.cpp">
      <Filter>Source Files</Filter>
    </ClCompile>
    <ClCompile Include="mch.cpp">
      <Filter>Source Files</Filter>
    </ClCompile>
    <ClCompile Include="pci-bridge.cpp">
      <Filter>Source Files</Filter>
    </ClCompile>
    <ClCompile Include="pci-config.cpp">
      <Filter>Source Files</Filter>
    </ClCompile>
    <ClCompile Include="pci-generic.cpp">
      <Filter>Source Files</Filter>
    </ClCompile>
    <ClCompile Include="pci.cpp">
      <Filter>Source Files</Filter>
    </ClCompile>
    <ClCompile Include="ports.cpp">
      <Filter>Source Files</Filter>
    </ClCompile>
    <ClCompile Include="reset.cpp">
      <Filter>Source Files</Filter>
    </ClCompile>
    <ClCompile Include="smbus.cpp">
      <Filter>Source Files</Filter>
    </ClCompile>
    <ClCompile Include="smi82801.cpp">
      <Filter>Source Files</Filter>
    </ClCompile>
    <ClCompile Include="system.cpp">
      <Filter>Source Files</Filter>
    </ClCompile>
    <ClCompile Include="usb.cpp">
      <Filter>Source Files</Filter>
    </ClCompile>
    <ClCompile Include="video.cpp">
      <Filter>Source Files</Filter>
    </ClCompile>
    <ClCompile Include="W83L517D.cpp">
      <Filter>Source Files</Filter>
    </ClCompile>
    <ClCompile Include="xp-debug.cpp">
      <Filter>Source Files</Filter>
    </ClCompile>
    <ClCompile Include="config.cpp">
      <Filter>Source Files</Filter>
    </ClCompile>
  </ItemGroup>
  <ItemGroup>
    <ClInclude Include="8253.h">
      <Filter>Header Files</Filter>
    </ClInclude>
    <ClInclude Include="8259.h">
      <Filter>Header Files</Filter>
    </ClInclude>
    <ClInclude Include="include\82801-ehci.h">
      <Filter>Header Files</Filter>
    </ClInclude>
    <ClInclude Include="include\82801-ide.h">
      <Filter>Header Files</Filter>
    </ClInclude>
    <ClInclude Include="include\82801-lpc.h">
      <Filter>Header Files</Filter>
    </ClInclude>
    <ClInclude Include="include\82801-pci-bridge.h">
      <Filter>Header Files</Filter>
    </ClInclude>
    <ClInclude Include="include\82801-smbus.h">
      <Filter>Header Files</Filter>
    </ClInclude>
    <ClInclude Include="include\82801-uhci.h">
      <Filter>Header Files</Filter>
    </ClInclude>
    <ClInclude Include="include\82845-host.h">
      <Filter>Header Files</Filter>
    </ClInclude>
    <ClInclude Include="include\82845-pci-bridge.h">
      <Filter>Header Files</Filter>
    </ClInclude>
    <ClInclude Include="include\acpi82801.h">
      <Filter>Header Files</Filter>
    </ClInclude>
    <ClInclude Include="include\addressmap.h">
      <Filter>Header Files</Filter>
    </ClInclude>
    <ClInclude Include="include\apic.h">
      <Filter>Header Files</Filter>
    </ClInclude>
    <ClInclude Include="include\atapi.h">
      <Filter>Header Files</Filter>
    </ClInclude>
    <ClInclude Include="include\bus.h">
      <Filter>Header Files</Filter>
    </ClInclude>
    <ClInclude Include="include\config.h">
      <Filter>Header Files</Filter>
    </ClInclude>
    <ClInclude Include="include\dma.h">
      <Filter>Header Files</Filter>
    </ClInclude>
    <ClInclude Include="include\fsb.h">
      <Filter>Header Files</Filter>
    </ClInclude>
    <ClInclude Include="include\history.h">
      <Filter>Header Files</Filter>
    </ClInclude>
    <ClInclude Include="include\ich.h">
      <Filter>Header Files</Filter>
    </ClInclude>
    <ClInclude Include="include\ide.h">
      <Filter>Header Files</Filter>
    </ClInclude>
    <ClInclude Include="include\irq-wire.h">
      <Filter>Header Files</Filter>
    </ClInclude>
    <ClInclude Include="include\iso9660.h">
      <Filter>Header Files</Filter>
    </ClInclude>
    <ClInclude Include="include\log.h">
      <Filter>Header Files</Filter>
    </ClInclude>
    <ClInclude Include="include\mch.h">
      <Filter>Header Files</Filter>
    </ClInclude>
    <ClInclude Include="include\pci-devs.h">
      <Filter>Header Files</Filter>
    </ClInclude>
    <ClInclude Include="include\pci.h">
      <Filter>Header Files</Filter>
    </ClInclude>
    <ClInclude Include="include\smbus.h">
      <Filter>Header Files</Filter>
    </ClInclude>
    <ClInclude Include="include\smi82801.h">
      <Filter>Header Files</Filter>
    </ClInclude>
    <ClInclude Include="include\sys.h">
      <Filter>Header Files</Filter>
    </ClInclude>
    <ClInclude Include="..\include\usb.h">
      <Filter>Header Files</Filter>
    </ClInclude>
  </ItemGroup>
  <ItemGroup>
    <Text Include="ReadMe.txt" />
  </ItemGroup>
</Project>