<?xml version="1.0" encoding="utf-8"?>
<Project ToolsVersion="4.0" xmlns="http://schemas.microsoft.com/developer/msbuild/2003">
  <ItemGroup>
    <Filter Include="Source Files">
      <UniqueIdentifier>{4FC737F1-C7A5-4376-A066-2A32D752A2FF}</UniqueIdentifier>
      <Extensions>cpp;c;cc;cxx;def;odl;idl;hpj;bat;asm;asmx</Extensions>
    </Filter>
    <Filter Include="Source Files\component">
      <UniqueIdentifier>{371d99b5-e631-4cdb-92f1-1c8e614b59df}</UniqueIdentifier>
    </Filter>
    <Filter Include="Header Files">
      <UniqueIdentifier>{93995380-89BD-4b04-88EB-625FBE52EBFB}</UniqueIdentifier>
      <Extensions>h;hpp;hxx;hm;inl;inc;xsd</Extensions>
    </Filter>
    <Filter Include="Resource Files">
      <UniqueIdentifier>{67DA6AB6-F800-4c08-8B7A-83BB121AAD01}</UniqueIdentifier>
      <Extensions>rc;ico;cur;bmp;dlg;rc2;rct;bin;rgs;gif;jpg;jpeg;jpe;resx;tiff;tif;png;wav</Extensions>
    </Filter>
  </ItemGroup>
  <ItemGroup>
    <ClCompile Include="alu-exec.cpp">
      <Filter>Source Files</Filter>
    </ClCompile>
    <ClCompile Include="bitop-exec.cpp">
      <Filter>Source Files</Filter>
    </ClCompile>
    <ClCompile Include="branch-exec.cpp">
      <Filter>Source Files</Filter>
    </ClCompile>
    <ClCompile Include="call.cpp">
      <Filter>Source Files</Filter>
    </ClCompile>
    <ClCompile Include="cbw.cpp">
      <Filter>Source Files</Filter>
    </ClCompile>
    <ClCompile Include="check.cpp">
      <Filter>Source Files</Filter>
    </ClCompile>
    <ClCompile Include="cmpxchg.cpp">
      <Filter>Source Files</Filter>
    </ClCompile>
    <ClCompile Include="cpu.cpp">
      <Filter>Source Files</Filter>
    </ClCompile>
    <ClCompile Include="cpuid.cpp">
      <Filter>Source Files</Filter>
    </ClCompile>
    <ClCompile Include="dump.cpp">
      <Filter>Source Files</Filter>
    </ClCompile>
    <ClCompile Include="enter-leave.cpp">
      <Filter>Source Files</Filter>
    </ClCompile>
    <ClCompile Include="exception-int.cpp">
      <Filter>Source Files</Filter>
    </ClCompile>
    <ClCompile Include="fpu-exec.cpp">
      <Filter>Source Files</Filter>
    </ClCompile>
    <ClCompile Include="gdt.cpp">
      <Filter>Source Files</Filter>
    </ClCompile>
    <ClCompile Include="idt.cpp">
      <Filter>Source Files</Filter>
    </ClCompile>
    <ClCompile Include="instr.cpp">
      <Filter>Source Files</Filter>
    </ClCompile>
    <ClCompile Include="int.cpp">
      <Filter>Source Files</Filter>
    </ClCompile>
    <ClCompile Include="iret.cpp">
      <Filter>Source Files</Filter>
    </ClCompile>
    <ClCompile Include="jump.cpp">
      <Filter>Source Files</Filter>
    </ClCompile>
    <ClCompile Include="lar.cpp">
      <Filter>Source Files</Filter>
    </ClCompile>
    <ClCompile Include="lldt.cpp">
      <Filter>Source Files</Filter>
    </ClCompile>
    <ClCompile Include="lmsw.cpp">
      <Filter>Source Files</Filter>
    </ClCompile>
    <ClCompile Include="loop.cpp">
      <Filter>Source Files</Filter>
    </ClCompile>
    <ClCompile Include="lsq-exec.cpp">
      <Filter>Source Files</Filter>
    </ClCompile>
    <ClCompile Include="lsq.cpp">
      <Filter>Source Files</Filter>
    </ClCompile>
    <ClCompile Include="ltr.cpp">
      <Filter>Source Files</Filter>
    </ClCompile>
    <ClCompile Include="mrom-exec.cpp">
      <Filter>Source Files</Filter>
    </ClCompile>
    <ClCompile Include="msr.cpp">
      <Filter>Source Files</Filter>
    </ClCompile>
    <ClCompile Include="mult-exec.cpp">
      <Filter>Source Files</Filter>
    </ClCompile>
    <ClCompile Include="popfd.cpp">
      <Filter>Source Files</Filter>
    </ClCompile>
    <ClCompile Include="portio.cpp">
      <Filter>Source Files</Filter>
    </ClCompile>
    <ClCompile Include="regfile.cpp">
      <Filter>Source Files</Filter>
    </ClCompile>
    <ClCompile Include="ret.cpp">
      <Filter>Source Files</Filter>
    </ClCompile>
    <ClCompile Include="run.cpp">
      <Filter>Source Files</Filter>
    </ClCompile>
    <ClCompile Include="smi.cpp">
      <Filter>Source Files</Filter>
    </ClCompile>
    <ClCompile Include="specail-reg.cpp">
      <Filter>Source Files</Filter>
    </ClCompile>
    <ClCompile Include="sse-exec.cpp">
      <Filter>Source Files</Filter>
    </ClCompile>
    <ClCompile Include="stack.cpp">
      <Filter>Source Files</Filter>
    </ClCompile>
    <ClCompile Include="string.cpp">
      <Filter>Source Files</Filter>
    </ClCompile>
    <ClCompile Include="task.cpp">
      <Filter>Source Files</Filter>
    </ClCompile>
    <ClCompile Include="trace.cpp">
      <Filter>Source Files</Filter>
    </ClCompile>
    <ClCompile Include="v86.cpp">
      <Filter>Source Files</Filter>
    </ClCompile>
    <ClCompile Include="xlat.cpp">
      <Filter>Source Files</Filter>
    </ClCompile>
    <ClCompile Include="alucore.cpp">
      <Filter>Source Files\component</Filter>
    </ClCompile>
    <ClCompile Include="biu.cpp">
      <Filter>Source Files\component</Filter>
    </ClCompile>
    <ClCompile Include="fetch-mmu.cpp">
      <Filter>Source Files\component</Filter>
    </ClCompile>
    <ClCompile Include="fpu.cpp">
      <Filter>Source Files\component</Filter>
    </ClCompile>
    <ClCompile Include="memory-if.cpp">
      <Filter>Source Files\component</Filter>
    </ClCompile>
    <ClCompile Include="mmu.cpp">
      <Filter>Source Files\component</Filter>
    </ClCompile>
    <ClCompile Include="sse.cpp">
      <Filter>Source Files\component</Filter>
    </ClCompile>
    <ClCompile Include="tlb.cpp">
      <Filter>Source Files\component</Filter>
    </ClCompile>
  </ItemGroup>
  <ItemGroup>
    <ClInclude Include="include\alu.h">
      <Filter>Header Files</Filter>
    </ClInclude>
    <ClInclude Include="..\isa-simu-core\alu.h">
      <Filter>Header Files</Filter>
    </ClInclude>
    <ClInclude Include="alu.h">
      <Filter>Header Files</Filter>
    </ClInclude>
    <ClInclude Include="include\alucore.h">
      <Filter>Header Files</Filter>
    </ClInclude>
    <ClInclude Include="include\biu.h">
      <Filter>Header Files</Filter>
    </ClInclude>
    <ClInclude Include="..\isa-simu-core\branch.h">
      <Filter>Header Files</Filter>
    </ClInclude>
    <ClInclude Include="include\cache-if.h">
      <Filter>Header Files</Filter>
    </ClInclude>
    <ClInclude Include="cache-if.h">
      <Filter>Header Files</Filter>
    </ClInclude>
    <ClInclude Include="include\cache.h">
      <Filter>Header Files</Filter>
    </ClInclude>
    <ClInclude Include="cache.h">
      <Filter>Header Files</Filter>
    </ClInclude>
    <ClInclude Include="include\condition.h">
      <Filter>Header Files</Filter>
    </ClInclude>
    <ClInclude Include="include\cpu.h">
      <Filter>Header Files</Filter>
    </ClInclude>
    <ClInclude Include="include\exception.h">
      <Filter>Header Files</Filter>
    </ClInclude>
    <ClInclude Include="include\fpu-inc.h">
      <Filter>Header Files</Filter>
    </ClInclude>
    <ClInclude Include="include\fpu.h">
      <Filter>Header Files</Filter>
    </ClInclude>
    <ClInclude Include="include\instr-dat.h">
      <Filter>Header Files</Filter>
    </ClInclude>
    <ClInclude Include="include\lsq.h">
      <Filter>Header Files</Filter>
    </ClInclude>
    <ClInclude Include="lsq.h">
      <Filter>Header Files</Filter>
    </ClInclude>
    <ClInclude Include="include\memory-if.h">
      <Filter>Header Files</Filter>
    </ClInclude>
    <ClInclude Include="include\mmu-ifetcher.h">
      <Filter>Header Files</Filter>
    </ClInclude>
    <ClInclude Include="include\mmu.h">
      <Filter>Header Files</Filter>
    </ClInclude>
    <ClInclude Include="..\isa-simu-core\mrom.h">
      <Filter>Header Files</Filter>
    </ClInclude>
    <ClInclude Include="include\msr.h">
      <Filter>Header Files</Filter>
    </ClInclude>
    <ClInclude Include="include\mult.h">
      <Filter>Header Files</Filter>
    </ClInclude>
    <ClInclude Include="mult.h">
      <Filter>Header Files</Filter>
    </ClInclude>
    <ClInclude Include="include\pg-table.h">
      <Filter>Header Files</Filter>
    </ClInclude>
    <ClInclude Include="include\regfile.h">
      <Filter>Header Files</Filter>
    </ClInclude>
    <ClInclude Include="regfile.h">
      <Filter>Header Files</Filter>
    </ClInclude>
    <ClInclude Include="smi.h">
      <Filter>Header Files</Filter>
    </ClInclude>
    <ClInclude Include="include\smi.h">
      <Filter>Header Files</Filter>
    </ClInclude>
    <ClInclude Include="include\sse-inc.h">
      <Filter>Header Files</Filter>
    </ClInclude>
    <ClInclude Include="include\sse-old.h">
      <Filter>Header Files</Filter>
    </ClInclude>
    <ClInclude Include="include\sse.h">
      <Filter>Header Files</Filter>
    </ClInclude>
    <ClInclude Include="include\stdafx.h">
      <Filter>Header Files</Filter>
    </ClInclude>
    <ClInclude Include="include\sysreg.h">
      <Filter>Header Files</Filter>
    </ClInclude>
    <ClInclude Include="include\tlb.h">
      <Filter>Header Files</Filter>
    </ClInclude>
    <ClInclude Include="types.h">
      <Filter>Header Files</Filter>
    </ClInclude>
    <ClInclude Include="include\types.h">
      <Filter>Header Files</Filter>
    </ClInclude>
  </ItemGroup>
  <ItemGroup>
    <Text Include="ReadMe.txt" />
  </ItemGroup>
</Project>